// !$*UTF8*$!
{
	archiveVersion = 1;
	classes = {
	};
	objectVersion = 51;
	objects = {

/* Begin PBXBuildFile section */
		C40F86232541B2A900469053 /* InfoModel.swift in Sources */ = {isa = PBXBuildFile; fileRef = C40F86222541B2A800469053 /* InfoModel.swift */; };
		C40F86272541B3AE00469053 /* CityCell.swift in Sources */ = {isa = PBXBuildFile; fileRef = C40F86252541B3AE00469053 /* CityCell.swift */; };
		C40F86282541B3AE00469053 /* CityCell.xib in Resources */ = {isa = PBXBuildFile; fileRef = C40F86262541B3AE00469053 /* CityCell.xib */; };
		C40F862B2541B6F700469053 /* ModelManager.swift in Sources */ = {isa = PBXBuildFile; fileRef = C40F862A2541B6F700469053 /* ModelManager.swift */; };
		C44553AA253F703D00FAAC3F /* CitiesViewController.swift in Sources */ = {isa = PBXBuildFile; fileRef = C44553A9253F703D00FAAC3F /* CitiesViewController.swift */; };
		C44553AD253F71B800FAAC3F /* WAErrors.swift in Sources */ = {isa = PBXBuildFile; fileRef = C44553AC253F71B800FAAC3F /* WAErrors.swift */; };
		C4654AAA25418ADE0006EB9B /* Cities.json in Resources */ = {isa = PBXBuildFile; fileRef = C4654AA925418ADE0006EB9B /* Cities.json */; };
		C465517F254205D800326676 /* DatabaseManager.swift in Sources */ = {isa = PBXBuildFile; fileRef = C465517E254205D800326676 /* DatabaseManager.swift */; };
		C46551822542063700326676 /* WeatherModelTransformer.swift in Sources */ = {isa = PBXBuildFile; fileRef = C46551812542063700326676 /* WeatherModelTransformer.swift */; };
		C4728BFA2541F77A00ACFA53 /* WeatherModel.swift in Sources */ = {isa = PBXBuildFile; fileRef = C4728BF92541F77A00ACFA53 /* WeatherModel.swift */; };
		C4728BFD2541F7EB00ACFA53 /* NetworkManager.swift in Sources */ = {isa = PBXBuildFile; fileRef = C4728BFC2541F7EB00ACFA53 /* NetworkManager.swift */; };
		C4F888F7253F67F30098C5F5 /* AppDelegate.swift in Sources */ = {isa = PBXBuildFile; fileRef = C4F888F6253F67F30098C5F5 /* AppDelegate.swift */; };
		C4F888F9253F67F30098C5F5 /* SceneDelegate.swift in Sources */ = {isa = PBXBuildFile; fileRef = C4F888F8253F67F30098C5F5 /* SceneDelegate.swift */; };
		C4F888FB253F67F30098C5F5 /* LoginVC.swift in Sources */ = {isa = PBXBuildFile; fileRef = C4F888FA253F67F30098C5F5 /* LoginVC.swift */; };
		C4F888FE253F67F30098C5F5 /* Main.storyboard in Resources */ = {isa = PBXBuildFile; fileRef = C4F888FC253F67F30098C5F5 /* Main.storyboard */; };
		C4F88900253F67F40098C5F5 /* Assets.xcassets in Resources */ = {isa = PBXBuildFile; fileRef = C4F888FF253F67F40098C5F5 /* Assets.xcassets */; };
		C4F88903253F67F40098C5F5 /* LaunchScreen.storyboard in Resources */ = {isa = PBXBuildFile; fileRef = C4F88901253F67F40098C5F5 /* LaunchScreen.storyboard */; };
		D52A78BE912AFA7EB07E7E1D /* Pods_WeatherApp.framework in Frameworks */ = {isa = PBXBuildFile; fileRef = 176D99308B370DC1AC366876 /* Pods_WeatherApp.framework */; };
/* End PBXBuildFile section */

/* Begin PBXFileReference section */
		176D99308B370DC1AC366876 /* Pods_WeatherApp.framework */ = {isa = PBXFileReference; explicitFileType = wrapper.framework; includeInIndex = 0; path = Pods_WeatherApp.framework; sourceTree = BUILT_PRODUCTS_DIR; };
		49CC51FFE64C9C09B6DCD12F /* Pods-WeatherApp.debug.xcconfig */ = {isa = PBXFileReference; includeInIndex = 1; lastKnownFileType = text.xcconfig; name = "Pods-WeatherApp.debug.xcconfig"; path = "Target Support Files/Pods-WeatherApp/Pods-WeatherApp.debug.xcconfig"; sourceTree = "<group>"; };
		84FADEEEB14D861F467DBD21 /* Pods-WeatherApp.release.xcconfig */ = {isa = PBXFileReference; includeInIndex = 1; lastKnownFileType = text.xcconfig; name = "Pods-WeatherApp.release.xcconfig"; path = "Target Support Files/Pods-WeatherApp/Pods-WeatherApp.release.xcconfig"; sourceTree = "<group>"; };
		C40F86222541B2A800469053 /* InfoModel.swift */ = {isa = PBXFileReference; lastKnownFileType = sourcecode.swift; path = InfoModel.swift; sourceTree = "<group>"; };
		C40F86252541B3AE00469053 /* CityCell.swift */ = {isa = PBXFileReference; lastKnownFileType = sourcecode.swift; path = CityCell.swift; sourceTree = "<group>"; };
		C40F86262541B3AE00469053 /* CityCell.xib */ = {isa = PBXFileReference; lastKnownFileType = file.xib; path = CityCell.xib; sourceTree = "<group>"; };
		C40F862A2541B6F700469053 /* ModelManager.swift */ = {isa = PBXFileReference; lastKnownFileType = sourcecode.swift; path = ModelManager.swift; sourceTree = "<group>"; };
		C44553A9253F703D00FAAC3F /* CitiesViewController.swift */ = {isa = PBXFileReference; lastKnownFileType = sourcecode.swift; path = CitiesViewController.swift; sourceTree = "<group>"; };
		C44553AC253F71B800FAAC3F /* WAErrors.swift */ = {isa = PBXFileReference; lastKnownFileType = sourcecode.swift; path = WAErrors.swift; sourceTree = "<group>"; };
		C4654AA925418ADE0006EB9B /* Cities.json */ = {isa = PBXFileReference; fileEncoding = 4; lastKnownFileType = text.json; path = Cities.json; sourceTree = "<group>"; };
		C465517E254205D800326676 /* DatabaseManager.swift */ = {isa = PBXFileReference; lastKnownFileType = sourcecode.swift; path = DatabaseManager.swift; sourceTree = "<group>"; };
		C46551812542063700326676 /* WeatherModelTransformer.swift */ = {isa = PBXFileReference; lastKnownFileType = sourcecode.swift; path = WeatherModelTransformer.swift; sourceTree = "<group>"; };
		C4728BF92541F77A00ACFA53 /* WeatherModel.swift */ = {isa = PBXFileReference; lastKnownFileType = sourcecode.swift; path = WeatherModel.swift; sourceTree = "<group>"; };
		C4728BFC2541F7EB00ACFA53 /* NetworkManager.swift */ = {isa = PBXFileReference; lastKnownFileType = sourcecode.swift; path = NetworkManager.swift; sourceTree = "<group>"; };
		C4F888F3253F67F30098C5F5 /* WeatherApp.app */ = {isa = PBXFileReference; explicitFileType = wrapper.application; includeInIndex = 0; path = WeatherApp.app; sourceTree = BUILT_PRODUCTS_DIR; };
		C4F888F6253F67F30098C5F5 /* AppDelegate.swift */ = {isa = PBXFileReference; lastKnownFileType = sourcecode.swift; path = AppDelegate.swift; sourceTree = "<group>"; };
		C4F888F8253F67F30098C5F5 /* SceneDelegate.swift */ = {isa = PBXFileReference; lastKnownFileType = sourcecode.swift; path = SceneDelegate.swift; sourceTree = "<group>"; };
		C4F888FA253F67F30098C5F5 /* LoginVC.swift */ = {isa = PBXFileReference; lastKnownFileType = sourcecode.swift; path = LoginVC.swift; sourceTree = "<group>"; };
		C4F888FD253F67F30098C5F5 /* Base */ = {isa = PBXFileReference; lastKnownFileType = file.storyboard; name = Base; path = Base.lproj/Main.storyboard; sourceTree = "<group>"; };
		C4F888FF253F67F40098C5F5 /* Assets.xcassets */ = {isa = PBXFileReference; lastKnownFileType = folder.assetcatalog; path = Assets.xcassets; sourceTree = "<group>"; };
		C4F88902253F67F40098C5F5 /* Base */ = {isa = PBXFileReference; lastKnownFileType = file.storyboard; name = Base; path = Base.lproj/LaunchScreen.storyboard; sourceTree = "<group>"; };
		C4F88904253F67F40098C5F5 /* Info.plist */ = {isa = PBXFileReference; lastKnownFileType = text.plist.xml; path = Info.plist; sourceTree = "<group>"; };
/* End PBXFileReference section */

/* Begin PBXFrameworksBuildPhase section */
		C4F888F0253F67F30098C5F5 /* Frameworks */ = {
			isa = PBXFrameworksBuildPhase;
			buildActionMask = 2147483647;
			files = (
				D52A78BE912AFA7EB07E7E1D /* Pods_WeatherApp.framework in Frameworks */,
			);
			runOnlyForDeploymentPostprocessing = 0;
		};
/* End PBXFrameworksBuildPhase section */

/* Begin PBXGroup section */
		730424C779B2FA992F72A81B /* Pods */ = {
			isa = PBXGroup;
			children = (
				49CC51FFE64C9C09B6DCD12F /* Pods-WeatherApp.debug.xcconfig */,
				84FADEEEB14D861F467DBD21 /* Pods-WeatherApp.release.xcconfig */,
			);
			path = Pods;
			sourceTree = "<group>";
		};
		9B5A747F8D5A8C14B3212C03 /* Frameworks */ = {
			isa = PBXGroup;
			children = (
				176D99308B370DC1AC366876 /* Pods_WeatherApp.framework */,
			);
			name = Frameworks;
			sourceTree = "<group>";
		};
		C465518425420C0000326676 /* VCs */ = {
			isa = PBXGroup;
			children = (
				C4F888FA253F67F30098C5F5 /* LoginVC.swift */,
				C44553A9253F703D00FAAC3F /* CitiesViewController.swift */,
			);
			path = VCs;
			sourceTree = "<group>";
		};
		C4728BFF2542025200ACFA53 /* Models */ = {
			isa = PBXGroup;
			children = (
				C40F86222541B2A800469053 /* InfoModel.swift */,
				C4728BF92541F77A00ACFA53 /* WeatherModel.swift */,
			);
			path = Models;
			sourceTree = "<group>";
		};
		C4728C002542027500ACFA53 /* Visualisation */ = {
			isa = PBXGroup;
			children = (
				C40F86262541B3AE00469053 /* CityCell.xib */,
				C4F888FC253F67F30098C5F5 /* Main.storyboard */,
			);
			path = Visualisation;
			sourceTree = "<group>";
		};
		C4728C01254202E800ACFA53 /* Utils */ = {
			isa = PBXGroup;
			children = (
				C4728BFC2541F7EB00ACFA53 /* NetworkManager.swift */,
				C40F862A2541B6F700469053 /* ModelManager.swift */,
				C465517E254205D800326676 /* DatabaseManager.swift */,
				C46551812542063700326676 /* WeatherModelTransformer.swift */,
			);
			path = Utils;
			sourceTree = "<group>";
		};
		C4F888EA253F67F20098C5F5 = {
			isa = PBXGroup;
			children = (
				C4F888F5253F67F30098C5F5 /* WeatherApp */,
				C4F888F4253F67F30098C5F5 /* Products */,
				730424C779B2FA992F72A81B /* Pods */,
				9B5A747F8D5A8C14B3212C03 /* Frameworks */,
			);
			sourceTree = "<group>";
		};
		C4F888F4253F67F30098C5F5 /* Products */ = {
			isa = PBXGroup;
			children = (
				C4F888F3253F67F30098C5F5 /* WeatherApp.app */,
			);
			name = Products;
			sourceTree = "<group>";
		};
		C4F888F5253F67F30098C5F5 /* WeatherApp */ = {
			isa = PBXGroup;
			children = (
				C4F888F6253F67F30098C5F5 /* AppDelegate.swift */,
				C4F888F8253F67F30098C5F5 /* SceneDelegate.swift */,
				C44553AC253F71B800FAAC3F /* WAErrors.swift */,
				C40F86252541B3AE00469053 /* CityCell.swift */,
				C465518425420C0000326676 /* VCs */,
				C4728C01254202E800ACFA53 /* Utils */,
				C4728C002542027500ACFA53 /* Visualisation */,
				C4728BFF2542025200ACFA53 /* Models */,
				C4654AA925418ADE0006EB9B /* Cities.json */,
				C4F888FF253F67F40098C5F5 /* Assets.xcassets */,
				C4F88901253F67F40098C5F5 /* LaunchScreen.storyboard */,
				C4F88904253F67F40098C5F5 /* Info.plist */,
			);
			path = WeatherApp;
			sourceTree = "<group>";
		};
/* End PBXGroup section */

/* Begin PBXNativeTarget section */
		C4F888F2253F67F30098C5F5 /* WeatherApp */ = {
			isa = PBXNativeTarget;
			buildConfigurationList = C4F88907253F67F40098C5F5 /* Build configuration list for PBXNativeTarget "WeatherApp" */;
			buildPhases = (
				6061648B396013E136A0EA65 /* [CP] Check Pods Manifest.lock */,
				C4F888EF253F67F30098C5F5 /* Sources */,
				C4F888F0253F67F30098C5F5 /* Frameworks */,
				C4F888F1253F67F30098C5F5 /* Resources */,
				D43D9EFD60CB2E441B03BFAF /* [CP] Embed Pods Frameworks */,
			);
			buildRules = (
			);
			dependencies = (
			);
			name = WeatherApp;
			productName = WeatherApp;
			productReference = C4F888F3253F67F30098C5F5 /* WeatherApp.app */;
			productType = "com.apple.product-type.application";
		};
/* End PBXNativeTarget section */

/* Begin PBXProject section */
		C4F888EB253F67F20098C5F5 /* Project object */ = {
			isa = PBXProject;
			attributes = {
				LastSwiftUpdateCheck = 1200;
				LastUpgradeCheck = 1200;
				TargetAttributes = {
					C4F888F2253F67F30098C5F5 = {
						CreatedOnToolsVersion = 12.0.1;
					};
				};
			};
			buildConfigurationList = C4F888EE253F67F20098C5F5 /* Build configuration list for PBXProject "WeatherApp" */;
			compatibilityVersion = "Xcode 9.3";
			developmentRegion = en;
			hasScannedForEncodings = 0;
			knownRegions = (
				en,
				Base,
			);
			mainGroup = C4F888EA253F67F20098C5F5;
			productRefGroup = C4F888F4253F67F30098C5F5 /* Products */;
			projectDirPath = "";
			projectRoot = "";
			targets = (
				C4F888F2253F67F30098C5F5 /* WeatherApp */,
			);
		};
/* End PBXProject section */

/* Begin PBXResourcesBuildPhase section */
		C4F888F1253F67F30098C5F5 /* Resources */ = {
			isa = PBXResourcesBuildPhase;
			buildActionMask = 2147483647;
			files = (
				C4654AAA25418ADE0006EB9B /* Cities.json in Resources */,
				C40F86282541B3AE00469053 /* CityCell.xib in Resources */,
				C4F88903253F67F40098C5F5 /* LaunchScreen.storyboard in Resources */,
				C4F88900253F67F40098C5F5 /* Assets.xcassets in Resources */,
				C4F888FE253F67F30098C5F5 /* Main.storyboard in Resources */,
			);
			runOnlyForDeploymentPostprocessing = 0;
		};
/* End PBXResourcesBuildPhase section */

/* Begin PBXShellScriptBuildPhase section */
		6061648B396013E136A0EA65 /* [CP] Check Pods Manifest.lock */ = {
			isa = PBXShellScriptBuildPhase;
			buildActionMask = 2147483647;
			files = (
			);
			inputFileListPaths = (
			);
			inputPaths = (
				"${PODS_PODFILE_DIR_PATH}/Podfile.lock",
				"${PODS_ROOT}/Manifest.lock",
			);
			name = "[CP] Check Pods Manifest.lock";
			outputFileListPaths = (
			);
			outputPaths = (
				"$(DERIVED_FILE_DIR)/Pods-WeatherApp-checkManifestLockResult.txt",
			);
			runOnlyForDeploymentPostprocessing = 0;
			shellPath = /bin/sh;
			shellScript = "diff \"${PODS_PODFILE_DIR_PATH}/Podfile.lock\" \"${PODS_ROOT}/Manifest.lock\" > /dev/null\nif [ $? != 0 ] ; then\n    # print error to STDERR\n    echo \"error: The sandbox is not in sync with the Podfile.lock. Run 'pod install' or update your CocoaPods installation.\" >&2\n    exit 1\nfi\n# This output is used by Xcode 'outputs' to avoid re-running this script phase.\necho \"SUCCESS\" > \"${SCRIPT_OUTPUT_FILE_0}\"\n";
			showEnvVarsInLog = 0;
		};
		D43D9EFD60CB2E441B03BFAF /* [CP] Embed Pods Frameworks */ = {
			isa = PBXShellScriptBuildPhase;
			buildActionMask = 2147483647;
			files = (
			);
			inputFileListPaths = (
				"${PODS_ROOT}/Target Support Files/Pods-WeatherApp/Pods-WeatherApp-frameworks-${CONFIGURATION}-input-files.xcfilelist",
			);
			name = "[CP] Embed Pods Frameworks";
			outputFileListPaths = (
				"${PODS_ROOT}/Target Support Files/Pods-WeatherApp/Pods-WeatherApp-frameworks-${CONFIGURATION}-output-files.xcfilelist",
			);
			runOnlyForDeploymentPostprocessing = 0;
			shellPath = /bin/sh;
			shellScript = "\"${PODS_ROOT}/Target Support Files/Pods-WeatherApp/Pods-WeatherApp-frameworks.sh\"\n";
			showEnvVarsInLog = 0;
		};
/* End PBXShellScriptBuildPhase section */

/* Begin PBXSourcesBuildPhase section */
		C4F888EF253F67F30098C5F5 /* Sources */ = {
			isa = PBXSourcesBuildPhase;
			buildActionMask = 2147483647;
			files = (
				C46551822542063700326676 /* WeatherModelTransformer.swift in Sources */,
				C4F888FB253F67F30098C5F5 /* LoginVC.swift in Sources */,
				C465517F254205D800326676 /* DatabaseManager.swift in Sources */,
				C40F862B2541B6F700469053 /* ModelManager.swift in Sources */,
				C4728BFD2541F7EB00ACFA53 /* NetworkManager.swift in Sources */,
				C44553AD253F71B800FAAC3F /* WAErrors.swift in Sources */,
				C4F888F7253F67F30098C5F5 /* AppDelegate.swift in Sources */,
				C4728BFA2541F77A00ACFA53 /* WeatherModel.swift in Sources */,
				C44553AA253F703D00FAAC3F /* CitiesViewController.swift in Sources */,
				C4F888F9253F67F30098C5F5 /* SceneDelegate.swift in Sources */,
				C40F86272541B3AE00469053 /* CityCell.swift in Sources */,
				C40F86232541B2A900469053 /* InfoModel.swift in Sources */,
			);
			runOnlyForDeploymentPostprocessing = 0;
		};
/* End PBXSourcesBuildPhase section */

/* Begin PBXVariantGroup section */
		C4F888FC253F67F30098C5F5 /* Main.storyboard */ = {
			isa = PBXVariantGroup;
			children = (
				C4F888FD253F67F30098C5F5 /* Base */,
			);
			name = Main.storyboard;
			sourceTree = "<group>";
		};
		C4F88901253F67F40098C5F5 /* LaunchScreen.storyboard */ = {
			isa = PBXVariantGroup;
			children = (
				C4F88902253F67F40098C5F5 /* Base */,
			);
			name = LaunchScreen.storyboard;
			sourceTree = "<group>";
		};
/* End PBXVariantGroup section */

/* Begin XCBuildConfiguration section */
		C4F88905253F67F40098C5F5 /* Debug */ = {
			isa = XCBuildConfiguration;
			buildSettings = {
				ALWAYS_SEARCH_USER_PATHS = NO;
				CLANG_ANALYZER_NONNULL = YES;
				CLANG_ANALYZER_NUMBER_OBJECT_CONVERSION = YES_AGGRESSIVE;
				CLANG_CXX_LANGUAGE_STANDARD = "gnu++14";
				CLANG_CXX_LIBRARY = "libc++";
				CLANG_ENABLE_MODULES = YES;
				CLANG_ENABLE_OBJC_ARC = YES;
				CLANG_ENABLE_OBJC_WEAK = YES;
				CLANG_WARN_BLOCK_CAPTURE_AUTORELEASING = YES;
				CLANG_WARN_BOOL_CONVERSION = YES;
				CLANG_WARN_COMMA = YES;
				CLANG_WARN_CONSTANT_CONVERSION = YES;
				CLANG_WARN_DEPRECATED_OBJC_IMPLEMENTATIONS = YES;
				CLANG_WARN_DIRECT_OBJC_ISA_USAGE = YES_ERROR;
				CLANG_WARN_DOCUMENTATION_COMMENTS = YES;
				CLANG_WARN_EMPTY_BODY = YES;
				CLANG_WARN_ENUM_CONVERSION = YES;
				CLANG_WARN_INFINITE_RECURSION = YES;
				CLANG_WARN_INT_CONVERSION = YES;
				CLANG_WARN_NON_LITERAL_NULL_CONVERSION = YES;
				CLANG_WARN_OBJC_IMPLICIT_RETAIN_SELF = YES;
				CLANG_WARN_OBJC_LITERAL_CONVERSION = YES;
				CLANG_WARN_OBJC_ROOT_CLASS = YES_ERROR;
				CLANG_WARN_QUOTED_INCLUDE_IN_FRAMEWORK_HEADER = YES;
				CLANG_WARN_RANGE_LOOP_ANALYSIS = YES;
				CLANG_WARN_STRICT_PROTOTYPES = YES;
				CLANG_WARN_SUSPICIOUS_MOVE = YES;
				CLANG_WARN_UNGUARDED_AVAILABILITY = YES_AGGRESSIVE;
				CLANG_WARN_UNREACHABLE_CODE = YES;
				CLANG_WARN__DUPLICATE_METHOD_MATCH = YES;
				COPY_PHASE_STRIP = NO;
				DEBUG_INFORMATION_FORMAT = dwarf;
				ENABLE_STRICT_OBJC_MSGSEND = YES;
				ENABLE_TESTABILITY = YES;
				GCC_C_LANGUAGE_STANDARD = gnu11;
				GCC_DYNAMIC_NO_PIC = NO;
				GCC_NO_COMMON_BLOCKS = YES;
				GCC_OPTIMIZATION_LEVEL = 0;
				GCC_PREPROCESSOR_DEFINITIONS = (
					"DEBUG=1",
					"$(inherited)",
				);
				GCC_WARN_64_TO_32_BIT_CONVERSION = YES;
				GCC_WARN_ABOUT_RETURN_TYPE = YES_ERROR;
				GCC_WARN_UNDECLARED_SELECTOR = YES;
				GCC_WARN_UNINITIALIZED_AUTOS = YES_AGGRESSIVE;
				GCC_WARN_UNUSED_FUNCTION = YES;
				GCC_WARN_UNUSED_VARIABLE = YES;
				IPHONEOS_DEPLOYMENT_TARGET = 14.0;
				MTL_ENABLE_DEBUG_INFO = INCLUDE_SOURCE;
				MTL_FAST_MATH = YES;
				ONLY_ACTIVE_ARCH = YES;
				SDKROOT = iphoneos;
				SWIFT_ACTIVE_COMPILATION_CONDITIONS = DEBUG;
				SWIFT_OPTIMIZATION_LEVEL = "-Onone";
			};
			name = Debug;
		};
		C4F88906253F67F40098C5F5 /* Release */ = {
			isa = XCBuildConfiguration;
			buildSettings = {
				ALWAYS_SEARCH_USER_PATHS = NO;
				CLANG_ANALYZER_NONNULL = YES;
				CLANG_ANALYZER_NUMBER_OBJECT_CONVERSION = YES_AGGRESSIVE;
				CLANG_CXX_LANGUAGE_STANDARD = "gnu++14";
				CLANG_CXX_LIBRARY = "libc++";
				CLANG_ENABLE_MODULES = YES;
				CLANG_ENABLE_OBJC_ARC = YES;
				CLANG_ENABLE_OBJC_WEAK = YES;
				CLANG_WARN_BLOCK_CAPTURE_AUTORELEASING = YES;
				CLANG_WARN_BOOL_CONVERSION = YES;
				CLANG_WARN_COMMA = YES;
				CLANG_WARN_CONSTANT_CONVERSION = YES;
				CLANG_WARN_DEPRECATED_OBJC_IMPLEMENTATIONS = YES;
				CLANG_WARN_DIRECT_OBJC_ISA_USAGE = YES_ERROR;
				CLANG_WARN_DOCUMENTATION_COMMENTS = YES;
				CLANG_WARN_EMPTY_BODY = YES;
				CLANG_WARN_ENUM_CONVERSION = YES;
				CLANG_WARN_INFINITE_RECURSION = YES;
				CLANG_WARN_INT_CONVERSION = YES;
				CLANG_WARN_NON_LITERAL_NULL_CONVERSION = YES;
				CLANG_WARN_OBJC_IMPLICIT_RETAIN_SELF = YES;
				CLANG_WARN_OBJC_LITERAL_CONVERSION = YES;
				CLANG_WARN_OBJC_ROOT_CLASS = YES_ERROR;
				CLANG_WARN_QUOTED_INCLUDE_IN_FRAMEWORK_HEADER = YES;
				CLANG_WARN_RANGE_LOOP_ANALYSIS = YES;
				CLANG_WARN_STRICT_PROTOTYPES = YES;
				CLANG_WARN_SUSPICIOUS_MOVE = YES;
				CLANG_WARN_UNGUARDED_AVAILABILITY = YES_AGGRESSIVE;
				CLANG_WARN_UNREACHABLE_CODE = YES;
				CLANG_WARN__DUPLICATE_METHOD_MATCH = YES;
				COPY_PHASE_STRIP = NO;
				DEBUG_INFORMATION_FORMAT = "dwarf-with-dsym";
				ENABLE_NS_ASSERTIONS = NO;
				ENABLE_STRICT_OBJC_MSGSEND = YES;
				GCC_C_LANGUAGE_STANDARD = gnu11;
				GCC_NO_COMMON_BLOCKS = YES;
				GCC_WARN_64_TO_32_BIT_CONVERSION = YES;
				GCC_WARN_ABOUT_RETURN_TYPE = YES_ERROR;
				GCC_WARN_UNDECLARED_SELECTOR = YES;
				GCC_WARN_UNINITIALIZED_AUTOS = YES_AGGRESSIVE;
				GCC_WARN_UNUSED_FUNCTION = YES;
				GCC_WARN_UNUSED_VARIABLE = YES;
				IPHONEOS_DEPLOYMENT_TARGET = 14.0;
				MTL_ENABLE_DEBUG_INFO = NO;
				MTL_FAST_MATH = YES;
				SDKROOT = iphoneos;
				SWIFT_COMPILATION_MODE = wholemodule;
				SWIFT_OPTIMIZATION_LEVEL = "-O";
				VALIDATE_PRODUCT = YES;
			};
			name = Release;
		};
		C4F88908253F67F40098C5F5 /* Debug */ = {
			isa = XCBuildConfiguration;
			baseConfigurationReference = 49CC51FFE64C9C09B6DCD12F /* Pods-WeatherApp.debug.xcconfig */;
			buildSettings = {
				ASSETCATALOG_COMPILER_APPICON_NAME = AppIcon;
				ASSETCATALOG_COMPILER_GLOBAL_ACCENT_COLOR_NAME = AccentColor;
				CODE_SIGN_STYLE = Automatic;
				DEVELOPMENT_TEAM = 4ASZ4Y47T7;
				INFOPLIST_FILE = WeatherApp/Info.plist;
				IPHONEOS_DEPLOYMENT_TARGET = 12.0;
				LD_RUNPATH_SEARCH_PATHS = (
					"$(inherited)",
					"@executable_path/Frameworks",
				);
				PRODUCT_BUNDLE_IDENTIFIER = yar.WeatherApp;
				PRODUCT_NAME = "$(TARGET_NAME)";
				SWIFT_VERSION = 5.0;
				TARGETED_DEVICE_FAMILY = 1;
			};
			name = Debug;
		};
		C4F88909253F67F40098C5F5 /* Release */ = {
			isa = XCBuildConfiguration;
			baseConfigurationReference = 84FADEEEB14D861F467DBD21 /* Pods-WeatherApp.release.xcconfig */;
			buildSettings = {
				ASSETCATALOG_COMPILER_APPICON_NAME = AppIcon;
				ASSETCATALOG_COMPILER_GLOBAL_ACCENT_COLOR_NAME = AccentColor;
				CODE_SIGN_STYLE = Automatic;
				DEVELOPMENT_TEAM = 4ASZ4Y47T7;
				INFOPLIST_FILE = WeatherApp/Info.plist;
				IPHONEOS_DEPLOYMENT_TARGET = 12.0;
				LD_RUNPATH_SEARCH_PATHS = (
					"$(inherited)",
					"@executable_path/Frameworks",
				);
				PRODUCT_BUNDLE_IDENTIFIER = yar.WeatherApp;
				PRODUCT_NAME = "$(TARGET_NAME)";
				SWIFT_VERSION = 5.0;
				TARGETED_DEVICE_FAMILY = 1;
			};
			name = Release;
		};
/* End XCBuildConfiguration section */

/* Begin XCConfigurationList section */
		C4F888EE253F67F20098C5F5 /* Build configuration list for PBXProject "WeatherApp" */ = {
			isa = XCConfigurationList;
			buildConfigurations = (
				C4F88905253F67F40098C5F5 /* Debug */,
				C4F88906253F67F40098C5F5 /* Release */,
			);
			defaultConfigurationIsVisible = 0;
			defaultConfigurationName = Release;
		};
		C4F88907253F67F40098C5F5 /* Build configuration list for PBXNativeTarget "WeatherApp" */ = {
			isa = XCConfigurationList;
			buildConfigurations = (
				C4F88908253F67F40098C5F5 /* Debug */,
				C4F88909253F67F40098C5F5 /* Release */,
			);
			defaultConfigurationIsVisible = 0;
			defaultConfigurationName = Release;
		};
/* End XCConfigurationList section */
	};
	rootObject = C4F888EB253F67F20098C5F5 /* Project object */;
}
